
Microsoft Visual Studio Solution File, Format Version 12.00
# Visual Studio Version 17
VisualStudioVersion = 17.2.32526.322
MinimumVisualStudioVersion = 10.0.40219.1
Project("{F2A71F9B-5D33-465A-A702-920D77279786}") = "PullAndSpleet", "PullAndSpleet\PullAndSpleet.fsproj", "{6ED8F58C-9C37-4242-AC49-96EEF8A5748D}"
EndProject
Global
	GlobalSection(SolutionConfigurationPlatforms) = preSolution
		Debug|Any CPU = Debug|Any CPU
		Release|Any CPU = Release|Any CPU
	EndGlobalSection
	GlobalSection(ProjectConfigurationPlatforms) = postSolution
		{6ED8F58C-9C37-4242-AC49-96EEF8A5748D}.Debug|Any CPU.ActiveCfg = Debug|Any CPU
		{6ED8F58C-9C37-4242-AC49-96EEF8A5748D}.Debug|Any CPU.Build.0 = Debug|Any CPU
		{6ED8F58C-9C37-4242-AC49-96EEF8A5748D}.Release|Any CPU.ActiveCfg = Release|Any CPU
		{6ED8F58C-9C37-4242-AC49-96EEF8A5748D}.Release|Any CPU.Build.0 = Release|Any CPU
	EndGlobalSection
	GlobalSection(SolutionProperties) = preSolution
		HideSolutionNode = FALSE
	EndGlobalSection
	GlobalSection(ExtensibilityGlobals) = postSolution
		SolutionGuid = {CBB5C610-F5F3-4726-8C51-115CB25BF107}
	EndGlobalSection
EndGlobal
